
Microsoft Visual Studio Solution File, Format Version 112.00
# Visual Studio Version 16
VisualStudioVersion = 16.0.29020.237
MinimumVisualStudioVersion = 10.0.40219.1
Project("{9A19103F-16F7-4668-BE54-9A1E7A4F7556}") = "TreeViewMVVMSelection_NETCore", "TreeViewMVVMSelection_NETCore.csproj", "{A61CADFF-0CBB-4766-9313-8DF32281A167}"
EndProject
Global
	GlobalSection(SolutionConfigurationPlatforms) = preSolution
		Debug|Any CPU = Debug|Any CPU
		Release|Any CPU = Release|Any CPU
	EndGlobalSection
	GlobalSection(ProjectConfigurationPlatforms) = postSolution
		{A61CADFF-0CBB-4766-9313-8DF32281A167}.Debug|Any CPU.ActiveCfg = Debug|Any CPU
		{A61CADFF-0CBB-4766-9313-8DF32281A167}.Debug|Any CPU.Build.0 = Debug|Any CPU
		{A61CADFF-0CBB-4766-9313-8DF32281A167}.Release|Any CPU.ActiveCfg = Release|Any CPU
		{A61CADFF-0CBB-4766-9313-8DF32281A167}.Release|Any CPU.Build.0 = Release|Any CPU
	EndGlobalSection
	GlobalSection(SolutionProperties) = preSolution
		HideSolutionNode = FALSE
	EndGlobalSection
	GlobalSection(ExtensibilityGlobals) = postSolution
		SolutionGuid = {39BA7295-0FC2-40E8-BAB3-4FBBA7FDE047}
	EndGlobalSection
EndGlobal
